# THIS IS AN AUTOGENERATED FILE. DO NOT EDIT THIS FILE DIRECTLY.
# yarn lockfile v1


add-dom-event-listener@1.x:
  version "1.0.2"
  resolved "https://registry.npmjs.org/add-dom-event-listener/-/add-dom-event-listener-1.0.2.tgz#8faed2c41008721cf111da1d30d995b85be42bed"
  dependencies:
    object-assign "4.x"

asap@~2.0.3:
  version "2.0.6"
  resolved "https://registry.npmjs.org/asap/-/asap-2.0.6.tgz#e50347611d7e690943208bbdafebcbc2fb866d46"

babel-helper-builder-react-jsx@^6.24.1:
  version "6.26.0"
  resolved "https://registry.npmjs.org/babel-helper-builder-react-jsx/-/babel-helper-builder-react-jsx-6.26.0.tgz#39ff8313b75c8b65dceff1f31d383e0ff2a408a0"
  dependencies:
    babel-runtime "^6.26.0"
    babel-types "^6.26.0"
    esutils "^2.0.2"

babel-plugin-syntax-flow@^6.18.0:
  version "6.18.0"
  resolved "https://registry.npmjs.org/babel-plugin-syntax-flow/-/babel-plugin-syntax-flow-6.18.0.tgz#4c3ab20a2af26aa20cd25995c398c4eb70310c8d"

babel-plugin-syntax-jsx@^6.3.13, babel-plugin-syntax-jsx@^6.8.0:
  version "6.18.0"
  resolved "https://registry.npmjs.org/babel-plugin-syntax-jsx/-/babel-plugin-syntax-jsx-6.18.0.tgz#0af32a9a6e13ca7a3fd5069e62d7b0f58d0d8946"

babel-plugin-syntax-object-rest-spread@^6.8.0:
  version "6.13.0"
  resolved "https://registry.npmjs.org/babel-plugin-syntax-object-rest-spread/-/babel-plugin-syntax-object-rest-spread-6.13.0.tgz#fd6536f2bce13836ffa3a5458c4903a597bb3bf5"

babel-plugin-transform-flow-strip-types@^6.22.0:
  version "6.22.0"
  resolved "https://registry.npmjs.org/babel-plugin-transform-flow-strip-types/-/babel-plugin-transform-flow-strip-types-6.22.0.tgz#84cb672935d43714fdc32bce84568d87441cf7cf"
  dependencies:
    babel-plugin-syntax-flow "^6.18.0"
    babel-runtime "^6.22.0"

babel-plugin-transform-object-rest-spread@^6.26.0:
  version "6.26.0"
  resolved "https://registry.npmjs.org/babel-plugin-transform-object-rest-spread/-/babel-plugin-transform-object-rest-spread-6.26.0.tgz#0f36692d50fef6b7e2d4b3ac1478137a963b7b06"
  dependencies:
    babel-plugin-syntax-object-rest-spread "^6.8.0"
    babel-runtime "^6.26.0"

babel-plugin-transform-react-display-name@^6.23.0:
  version "6.25.0"
  resolved "https://registry.npmjs.org/babel-plugin-transform-react-display-name/-/babel-plugin-transform-react-display-name-6.25.0.tgz#67e2bf1f1e9c93ab08db96792e05392bf2cc28d1"
  dependencies:
    babel-runtime "^6.22.0"

babel-plugin-transform-react-jsx-self@^6.22.0:
  version "6.22.0"
  resolved "https://registry.npmjs.org/babel-plugin-transform-react-jsx-self/-/babel-plugin-transform-react-jsx-self-6.22.0.tgz#df6d80a9da2612a121e6ddd7558bcbecf06e636e"
  dependencies:
    babel-plugin-syntax-jsx "^6.8.0"
    babel-runtime "^6.22.0"

babel-plugin-transform-react-jsx-source@^6.22.0:
  version "6.22.0"
  resolved "https://registry.npmjs.org/babel-plugin-transform-react-jsx-source/-/babel-plugin-transform-react-jsx-source-6.22.0.tgz#66ac12153f5cd2d17b3c19268f4bf0197f44ecd6"
  dependencies:
    babel-plugin-syntax-jsx "^6.8.0"
    babel-runtime "^6.22.0"

babel-plugin-transform-react-jsx@^6.24.1:
  version "6.24.1"
  resolved "https://registry.npmjs.org/babel-plugin-transform-react-jsx/-/babel-plugin-transform-react-jsx-6.24.1.tgz#840a028e7df460dfc3a2d29f0c0d91f6376e66a3"
  dependencies:
    babel-helper-builder-react-jsx "^6.24.1"
    babel-plugin-syntax-jsx "^6.8.0"
    babel-runtime "^6.22.0"

babel-preset-flow@^6.23.0:
  version "6.23.0"
  resolved "https://registry.npmjs.org/babel-preset-flow/-/babel-preset-flow-6.23.0.tgz#e71218887085ae9a24b5be4169affb599816c49d"
  dependencies:
    babel-plugin-transform-flow-strip-types "^6.22.0"

babel-preset-react@^6.24.1:
  version "6.24.1"
  resolved "https://registry.npmjs.org/babel-preset-react/-/babel-preset-react-6.24.1.tgz#ba69dfaea45fc3ec639b6a4ecea6e17702c91380"
  dependencies:
    babel-plugin-syntax-jsx "^6.3.13"
    babel-plugin-transform-react-display-name "^6.23.0"
    babel-plugin-transform-react-jsx "^6.24.1"
    babel-plugin-transform-react-jsx-self "^6.22.0"
    babel-plugin-transform-react-jsx-source "^6.22.0"
    babel-preset-flow "^6.23.0"

babel-runtime@6.x, babel-runtime@^6.22.0, babel-runtime@^6.23.0, babel-runtime@^6.26.0:
  version "6.26.0"
  resolved "https://registry.npmjs.org/babel-runtime/-/babel-runtime-6.26.0.tgz#965c7058668e82b55d7bfe04ff2337bc8b5647fe"
  dependencies:
    core-js "^2.4.0"
    regenerator-runtime "^0.11.0"

babel-types@^6.26.0:
  version "6.26.0"
  resolved "https://registry.npmjs.org/babel-types/-/babel-types-6.26.0.tgz#a3b073f94ab49eb6fa55cd65227a334380632497"
  dependencies:
    babel-runtime "^6.26.0"
    esutils "^2.0.2"
    lodash "^4.17.4"
    to-fast-properties "^1.0.3"

classnames@2.x:
  version "2.2.5"
  resolved "https://registry.npmjs.org/classnames/-/classnames-2.2.5.tgz#fb3801d453467649ef3603c7d61a02bd129bde6d"

component-classes@1.x, component-classes@^1.2.5:
  version "1.2.6"
  resolved "https://registry.npmjs.org/component-classes/-/component-classes-1.2.6.tgz#c642394c3618a4d8b0b8919efccbbd930e5cd691"
  dependencies:
    component-indexof "0.0.3"

component-indexof@0.0.3:
  version "0.0.3"
  resolved "https://registry.npmjs.org/component-indexof/-/component-indexof-0.0.3.tgz#11d091312239eb8f32c8f25ae9cb002ffe8d3c24"

core-js@^1.0.0:
  version "1.2.7"
  resolved "https://registry.npmjs.org/core-js/-/core-js-1.2.7.tgz#652294c14651db28fa93bd2d5ff2983a4f08c636"

core-js@^2.4.0:
  version "2.5.3"
  resolved "https://registry.npmjs.org/core-js/-/core-js-2.5.3.tgz#8acc38345824f16d8365b7c9b4259168e8ed603e"

create-react-class@15.x, create-react-class@^15.5.2:
  version "15.6.3"
  resolved "https://registry.npmjs.org/create-react-class/-/create-react-class-15.6.3.tgz#2d73237fb3f970ae6ebe011a9e66f46dbca80036"
  dependencies:
    fbjs "^0.8.9"
    loose-envify "^1.3.1"
    object-assign "^4.1.1"

css-animation@^1.3.2:
  version "1.4.1"
  resolved "https://registry.npmjs.org/css-animation/-/css-animation-1.4.1.tgz#5b8813125de0fbbbb0bbe1b472ae84221469b7a8"
  dependencies:
    babel-runtime "6.x"
    component-classes "^1.2.5"

dom-align@1.x:
  version "1.6.7"
  resolved "https://registry.npmjs.org/dom-align/-/dom-align-1.6.7.tgz#6858138efb6b77405ce99146d0be5e4f7282813f"

dom-scroll-into-view@1.x:
  version "1.2.1"
  resolved "https://registry.npmjs.org/dom-scroll-into-view/-/dom-scroll-into-view-1.2.1.tgz#e8f36732dd089b0201a88d7815dc3f88e6d66c7e"

encoding@^0.1.11:
  version "0.1.12"
  resolved "https://registry.npmjs.org/encoding/-/encoding-0.1.12.tgz#538b66f3ee62cd1ab51ec323829d1f9480c74beb"
  dependencies:
    iconv-lite "~0.4.13"

esutils@^2.0.2:
  version "2.0.2"
  resolved "https://registry.npmjs.org/esutils/-/esutils-2.0.2.tgz#0abf4f1caa5bcb1f7a9d8acc6dea4faaa04bac9b"

fbjs@^0.8.16, fbjs@^0.8.9:
  version "0.8.16"
  resolved "https://registry.npmjs.org/fbjs/-/fbjs-0.8.16.tgz#5e67432f550dc41b572bf55847b8aca64e5337db"
  dependencies:
    core-js "^1.0.0"
    isomorphic-fetch "^2.1.1"
    loose-envify "^1.0.0"
    object-assign "^4.1.0"
    promise "^7.1.1"
    setimmediate "^1.0.5"
    ua-parser-js "^0.7.9"

iconv-lite@~0.4.13:
  version "0.4.19"
  resolved "https://registry.npmjs.org/iconv-lite/-/iconv-lite-0.4.19.tgz#f7468f60135f5e5dad3399c0a81be9a1603a082b"

is-stream@^1.0.1:
  version "1.1.0"
  resolved "https://registry.npmjs.org/is-stream/-/is-stream-1.1.0.tgz#12d4a3dd4e68e0b79ceb8dbc84173ae80d91ca44"

isomorphic-fetch@^2.1.1:
  version "2.2.1"
  resolved "https://registry.npmjs.org/isomorphic-fetch/-/isomorphic-fetch-2.2.1.tgz#611ae1acf14f5e81f729507472819fe9733558a9"
  dependencies:
    node-fetch "^1.0.1"
    whatwg-fetch ">=0.10.0"

js-tokens@^3.0.0:
  version "3.0.2"
  resolved "https://registry.npmjs.org/js-tokens/-/js-tokens-3.0.2.tgz#9866df395102130e38f7f996bceb65443209c25b"

lodash._getnative@^3.0.0:
  version "3.9.1"
  resolved "https://registry.npmjs.org/lodash._getnative/-/lodash._getnative-3.9.1.tgz#570bc7dede46d61cdcde687d65d3eecbaa3aaff5"

lodash.isarguments@^3.0.0:
  version "3.1.0"
  resolved "https://registry.npmjs.org/lodash.isarguments/-/lodash.isarguments-3.1.0.tgz#2f573d85c6a24289ff00663b491c1d338ff3458a"

lodash.isarray@^3.0.0:
  version "3.0.4"
  resolved "https://registry.npmjs.org/lodash.isarray/-/lodash.isarray-3.0.4.tgz#79e4eb88c36a8122af86f844aa9bcd851b5fbb55"

lodash.keys@^3.1.2:
  version "3.1.2"
  resolved "https://registry.npmjs.org/lodash.keys/-/lodash.keys-3.1.2.tgz#4dbc0472b156be50a0b286855d1bd0b0c656098a"
  dependencies:
    lodash._getnative "^3.0.0"
    lodash.isarguments "^3.0.0"
    lodash.isarray "^3.0.0"

lodash@^4.17.4:
  version "4.17.4"
  resolved "https://registry.npmjs.org/lodash/-/lodash-4.17.4.tgz#78203a4d1c328ae1d86dca6460e369b57f4055ae"

loose-envify@^1.0.0, loose-envify@^1.1.0, loose-envify@^1.3.1:
  version "1.3.1"
  resolved "https://registry.npmjs.org/loose-envify/-/loose-envify-1.3.1.tgz#d1a8ad33fa9ce0e713d65fdd0ac8b748d478c848"
  dependencies:
    js-tokens "^3.0.0"

node-fetch@^1.0.1:
  version "1.7.3"
  resolved "https://registry.npmjs.org/node-fetch/-/node-fetch-1.7.3.tgz#980f6f72d85211a5347c6b2bc18c5b84c3eb47ef"
  dependencies:
    encoding "^0.1.11"
    is-stream "^1.0.1"

normalize.css@^7.0.0:
  version "7.0.0"
  resolved "https://registry.npmjs.org/normalize.css/-/normalize.css-7.0.0.tgz#abfb1dd82470674e0322b53ceb1aaf412938e4bf"

object-assign@4.x, object-assign@^4.1.0, object-assign@^4.1.1:
  version "4.1.1"
  resolved "https://registry.npmjs.org/object-assign/-/object-assign-4.1.1.tgz#2109adc7965887cfc05cbbd442cac8bfbb360863"

promise@^7.1.1:
  version "7.3.1"
  resolved "https://registry.npmjs.org/promise/-/promise-7.3.1.tgz#064b72602b18f90f29192b8b1bc418ffd1ebd3bf"
  dependencies:
    asap "~2.0.3"

prop-types@15.x, prop-types@^15.5.10, prop-types@^15.5.6, prop-types@^15.5.8, prop-types@^15.6.0:
  version "15.6.0"
  resolved "https://registry.npmjs.org/prop-types/-/prop-types-15.6.0.tgz#ceaf083022fc46b4a35f69e13ef75aed0d639856"
  dependencies:
    fbjs "^0.8.16"
    loose-envify "^1.3.1"
    object-assign "^4.1.1"

rc-align@2.x:
  version "2.3.5"
  resolved "https://registry.npmjs.org/rc-align/-/rc-align-2.3.5.tgz#5085cfa4d685ee9d030b9afd2971eb370c5e80a1"
  dependencies:
    babel-runtime "^6.26.0"
    dom-align "1.x"
    prop-types "^15.5.8"
    rc-util "^4.0.4"

rc-animate@2.x:
  version "2.4.4"
  resolved "https://registry.npmjs.org/rc-animate/-/rc-animate-2.4.4.tgz#a05a784c747beef140d99ff52b6117711bef4b1e"
  dependencies:
    babel-runtime "6.x"
    css-animation "^1.3.2"
    prop-types "15.x"

rc-menu@^6.1.0:
  version "6.2.6"
  resolved "https://registry.npmjs.org/rc-menu/-/rc-menu-6.2.6.tgz#ad95a4926792d0476b3b25f6d015a497915dbbbd"
  dependencies:
    babel-runtime "6.x"
    classnames "2.x"
    create-react-class "^15.5.2"
    dom-scroll-into-view "1.x"
    prop-types "^15.5.6"
    rc-animate "2.x"
    rc-trigger "^2.3.0"
    rc-util "^4.1.0"

rc-select@^7.7.0:
  version "7.7.0"
  resolved "https://registry.npmjs.org/rc-select/-/rc-select-7.7.0.tgz#2ee7a8542182e72e17bb72c3d097aeb4244533f3"
  dependencies:
    babel-runtime "^6.23.0"
    classnames "2.x"
    component-classes "1.x"
    dom-scroll-into-view "1.x"
    prop-types "^15.5.8"
    rc-animate "2.x"
    rc-menu "^6.1.0"
    rc-trigger "^2.2.0"
    rc-util "^4.0.4"
    warning "^3.0.0"

rc-trigger@^2.2.0, rc-trigger@^2.3.0:
  version "2.3.3"
  resolved "https://registry.npmjs.org/rc-trigger/-/rc-trigger-2.3.3.tgz#406c5ddea594aca71d067852f27d91a5f3a653b8"
  dependencies:
    babel-runtime "6.x"
    create-react-class "15.x"
    prop-types "15.x"
    rc-align "2.x"
    rc-animate "2.x"
    rc-util "^4.3.0"

rc-util@^4.0.4, rc-util@^4.1.0, rc-util@^4.3.0:
  version "4.3.1"
  resolved "https://registry.npmjs.org/rc-util/-/rc-util-4.3.1.tgz#79f0adb30f449c1b29d7c5cdb2d82c193920c362"
  dependencies:
    add-dom-event-listener "1.x"
    babel-runtime "6.x"
    prop-types "^15.5.10"
    shallowequal "^0.2.2"

react-data-grid-addons@^3.0.9:
  version "3.0.9"
  resolved "https://registry.npmjs.org/react-data-grid-addons/-/react-data-grid-addons-3.0.9.tgz#7952f4f8bf3faba54ad7468ed243e9bf44d81bcc"
  dependencies:
    react-data-grid "^3.0.9"

react-data-grid@^3.0.9:
  version "3.0.9"
  resolved "https://registry.npmjs.org/react-data-grid/-/react-data-grid-3.0.9.tgz#fd78fe4ddeb65b3cafc2cf236d53bffa083d64b1"

react-dom@^16.2.0:
  version "16.2.0"
  resolved "https://registry.npmjs.org/react-dom/-/react-dom-16.2.0.tgz#69003178601c0ca19b709b33a83369fe6124c044"
  dependencies:
    fbjs "^0.8.16"
    loose-envify "^1.1.0"
    object-assign "^4.1.1"
    prop-types "^15.6.0"

react@^16.2.0:
  version "16.2.0"
  resolved "https://registry.npmjs.org/react/-/react-16.2.0.tgz#a31bd2dab89bff65d42134fa187f24d054c273ba"
  dependencies:
    fbjs "^0.8.16"
    loose-envify "^1.1.0"
    object-assign "^4.1.1"
    prop-types "^15.6.0"

regenerator-runtime@^0.11.0:
  version "0.11.1"
  resolved "https://registry.npmjs.org/regenerator-runtime/-/regenerator-runtime-0.11.1.tgz#be05ad7f9bf7d22e056f9726cee5017fbf19e2e9"

setimmediate@^1.0.5:
  version "1.0.5"
  resolved "https://registry.npmjs.org/setimmediate/-/setimmediate-1.0.5.tgz#290cbb232e306942d7d7ea9b83732ab7856f8285"

shallowequal@^0.2.2:
  version "0.2.2"
  resolved "https://registry.npmjs.org/shallowequal/-/shallowequal-0.2.2.tgz#1e32fd5bcab6ad688a4812cb0cc04efc75c7014e"
  dependencies:
    lodash.keys "^3.1.2"

to-fast-properties@^1.0.3:
  version "1.0.3"
  resolved "https://registry.npmjs.org/to-fast-properties/-/to-fast-properties-1.0.3.tgz#b83571fa4d8c25b82e231b06e3a3055de4ca1a47"

ua-parser-js@^0.7.9:
  version "0.7.17"
  resolved "https://registry.npmjs.org/ua-parser-js/-/ua-parser-js-0.7.17.tgz#e9ec5f9498b9ec910e7ae3ac626a805c4d09ecac"

warning@^3.0.0:
  version "3.0.0"
  resolved "https://registry.npmjs.org/warning/-/warning-3.0.0.tgz#32e5377cb572de4ab04753bdf8821c01ed605b7c"
  dependencies:
    loose-envify "^1.0.0"

whatwg-fetch@>=0.10.0:
  version "2.0.3"
  resolved "https://registry.npmjs.org/whatwg-fetch/-/whatwg-fetch-2.0.3.tgz#9c84ec2dcf68187ff00bc64e1274b442176e1c84"
